
Microsoft Visual Studio Solution File, Format Version 12.00
# Visual Studio Version 17
VisualStudioVersion = 17.6.33815.320
MinimumVisualStudioVersion = 10.0.40219.1
Project("{9A19103F-16F7-4668-BE54-9A1E7A4F7556}") = "SoftwareSpokes.FamilyManager.Console", "SoftwareSpokes.FamilyManager.Console\SoftwareSpokes.FamilyManager.Console.csproj", "{72082561-9900-42D3-A39F-3E6F86014AA3}"
EndProject
Project("{9A19103F-16F7-4668-BE54-9A1E7A4F7556}") = "SoftwareSpokes.FamilyManager.Application", "SoftwareSpokes.FamilyManager.Application\SoftwareSpokes.FamilyManager.Application.csproj", "{593A49A9-8D71-41D3-BFB0-B79FFEF2C1FA}"
EndProject
Project("{9A19103F-16F7-4668-BE54-9A1E7A4F7556}") = "SoftwareSpokes.FamilyManager.Infrastructure", "SoftwareSpokes.FamilyManager.Infrastructure\SoftwareSpokes.FamilyManager.Infrastructure.csproj", "{B6A3BAD1-16F9-4E12-BD2E-297A665275E6}"
EndProject
Project("{9A19103F-16F7-4668-BE54-9A1E7A4F7556}") = "SoftwareSpokes.FamilyManager.Api", "SoftwareSpokes.FamilyManager.Api\SoftwareSpokes.FamilyManager.Api.csproj", "{3E425CF2-E4B0-4647-9A33-782BB1B5A256}"
EndProject
Global
	GlobalSection(SolutionConfigurationPlatforms) = preSolution
		Debug|Any CPU = Debug|Any CPU
		Release|Any CPU = Release|Any CPU
	EndGlobalSection
	GlobalSection(ProjectConfigurationPlatforms) = postSolution
		{72082561-9900-42D3-A39F-3E6F86014AA3}.Debug|Any CPU.ActiveCfg = Debug|Any CPU
		{72082561-9900-42D3-A39F-3E6F86014AA3}.Debug|Any CPU.Build.0 = Debug|Any CPU
		{72082561-9900-42D3-A39F-3E6F86014AA3}.Release|Any CPU.ActiveCfg = Release|Any CPU
		{72082561-9900-42D3-A39F-3E6F86014AA3}.Release|Any CPU.Build.0 = Release|Any CPU
		{593A49A9-8D71-41D3-BFB0-B79FFEF2C1FA}.Debug|Any CPU.ActiveCfg = Debug|Any CPU
		{593A49A9-8D71-41D3-BFB0-B79FFEF2C1FA}.Debug|Any CPU.Build.0 = Debug|Any CPU
		{593A49A9-8D71-41D3-BFB0-B79FFEF2C1FA}.Release|Any CPU.ActiveCfg = Release|Any CPU
		{593A49A9-8D71-41D3-BFB0-B79FFEF2C1FA}.Release|Any CPU.Build.0 = Release|Any CPU
		{B6A3BAD1-16F9-4E12-BD2E-297A665275E6}.Debug|Any CPU.ActiveCfg = Debug|Any CPU
		{B6A3BAD1-16F9-4E12-BD2E-297A665275E6}.Debug|Any CPU.Build.0 = Debug|Any CPU
		{B6A3BAD1-16F9-4E12-BD2E-297A665275E6}.Release|Any CPU.ActiveCfg = Release|Any CPU
		{B6A3BAD1-16F9-4E12-BD2E-297A665275E6}.Release|Any CPU.Build.0 = Release|Any CPU
		{3E425CF2-E4B0-4647-9A33-782BB1B5A256}.Debug|Any CPU.ActiveCfg = Debug|Any CPU
		{3E425CF2-E4B0-4647-9A33-782BB1B5A256}.Debug|Any CPU.Build.0 = Debug|Any CPU
		{3E425CF2-E4B0-4647-9A33-782BB1B5A256}.Release|Any CPU.ActiveCfg = Release|Any CPU
		{3E425CF2-E4B0-4647-9A33-782BB1B5A256}.Release|Any CPU.Build.0 = Release|Any CPU
	EndGlobalSection
	GlobalSection(SolutionProperties) = preSolution
		HideSolutionNode = FALSE
	EndGlobalSection
	GlobalSection(ExtensibilityGlobals) = postSolution
		SolutionGuid = {BBB3B4FF-50FA-4451-9A84-DBAEAA8DEB74}
	EndGlobalSection
EndGlobal
